
Microsoft Visual Studio Solution File, Format Version 12.00
# Visual Studio Version 16
VisualStudioVersion = 16.0.29519.87
MinimumVisualStudioVersion = 10.0.40219.1
Project("{9A19103F-16F7-4668-BE54-9A1E7A4F7556}") = "RN.Tasks.Domain.Entities", "RN.Tasks.Domain.Entities\RN.Tasks.Domain.Entities.csproj", "{287A9579-9C30-4BED-A968-AEFE370BE72B}"
EndProject
Project("{9A19103F-16F7-4668-BE54-9A1E7A4F7556}") = "RN.Tasks.Domain.DAL", "RN.Tasks.Domain.DAL\RN.Tasks.Domain.DAL.csproj", "{0B4CB93F-C880-4CC1-A31D-AA463642FBA2}"
EndProject
Project("{9A19103F-16F7-4668-BE54-9A1E7A4F7556}") = "RN.Tasks.Services", "RN.Tasks.Services\RN.Tasks.Services.csproj", "{79F0A2B6-67E4-4D57-B589-0DF1E7E5339B}"
EndProject
Project("{FAE04EC0-301F-11D3-BF4B-00C04F79EFBC}") = "TN.Tasks.Gui", "TN.Tasks.Gui\TN.Tasks.Gui.csproj", "{3D7DB7B6-292A-4A5A-9854-E8DF10362915}"
EndProject
Project("{FAE04EC0-301F-11D3-BF4B-00C04F79EFBC}") = "RN.Tasks.Core", "RN.Tasks.Core\RN.Tasks.Core.csproj", "{CC5A5EEC-E2D9-4ABB-BBF1-B8A9B23029B1}"
EndProject
Global
	GlobalSection(SolutionConfigurationPlatforms) = preSolution
		Debug|Any CPU = Debug|Any CPU
		Release|Any CPU = Release|Any CPU
	EndGlobalSection
	GlobalSection(ProjectConfigurationPlatforms) = postSolution
		{287A9579-9C30-4BED-A968-AEFE370BE72B}.Debug|Any CPU.ActiveCfg = Debug|Any CPU
		{287A9579-9C30-4BED-A968-AEFE370BE72B}.Debug|Any CPU.Build.0 = Debug|Any CPU
		{287A9579-9C30-4BED-A968-AEFE370BE72B}.Release|Any CPU.ActiveCfg = Release|Any CPU
		{287A9579-9C30-4BED-A968-AEFE370BE72B}.Release|Any CPU.Build.0 = Release|Any CPU
		{0B4CB93F-C880-4CC1-A31D-AA463642FBA2}.Debug|Any CPU.ActiveCfg = Debug|Any CPU
		{0B4CB93F-C880-4CC1-A31D-AA463642FBA2}.Debug|Any CPU.Build.0 = Debug|Any CPU
		{0B4CB93F-C880-4CC1-A31D-AA463642FBA2}.Release|Any CPU.ActiveCfg = Release|Any CPU
		{0B4CB93F-C880-4CC1-A31D-AA463642FBA2}.Release|Any CPU.Build.0 = Release|Any CPU
		{79F0A2B6-67E4-4D57-B589-0DF1E7E5339B}.Debug|Any CPU.ActiveCfg = Debug|Any CPU
		{79F0A2B6-67E4-4D57-B589-0DF1E7E5339B}.Debug|Any CPU.Build.0 = Debug|Any CPU
		{79F0A2B6-67E4-4D57-B589-0DF1E7E5339B}.Release|Any CPU.ActiveCfg = Release|Any CPU
		{79F0A2B6-67E4-4D57-B589-0DF1E7E5339B}.Release|Any CPU.Build.0 = Release|Any CPU
		{3D7DB7B6-292A-4A5A-9854-E8DF10362915}.Debug|Any CPU.ActiveCfg = Debug|Any CPU
		{3D7DB7B6-292A-4A5A-9854-E8DF10362915}.Debug|Any CPU.Build.0 = Debug|Any CPU
		{3D7DB7B6-292A-4A5A-9854-E8DF10362915}.Release|Any CPU.ActiveCfg = Release|Any CPU
		{3D7DB7B6-292A-4A5A-9854-E8DF10362915}.Release|Any CPU.Build.0 = Release|Any CPU
		{CC5A5EEC-E2D9-4ABB-BBF1-B8A9B23029B1}.Debug|Any CPU.ActiveCfg = Debug|Any CPU
		{CC5A5EEC-E2D9-4ABB-BBF1-B8A9B23029B1}.Debug|Any CPU.Build.0 = Debug|Any CPU
		{CC5A5EEC-E2D9-4ABB-BBF1-B8A9B23029B1}.Release|Any CPU.ActiveCfg = Release|Any CPU
		{CC5A5EEC-E2D9-4ABB-BBF1-B8A9B23029B1}.Release|Any CPU.Build.0 = Release|Any CPU
	EndGlobalSection
	GlobalSection(SolutionProperties) = preSolution
		HideSolutionNode = FALSE
	EndGlobalSection
	GlobalSection(ExtensibilityGlobals) = postSolution
		SolutionGuid = {11F11BE9-3BD7-4076-9686-A46A7A65E13E}
	EndGlobalSection
EndGlobal
